
Microsoft Visual Studio Solution File, Format Version 12.00
# Visual Studio Version 17
VisualStudioVersion = 17.10.35122.118
MinimumVisualStudioVersion = 10.0.40219.1
Project("{FAE04EC0-301F-11D3-BF4B-00C04F79EFBC}") = "EgitimDemo", "EgitimDemo\EgitimDemo.csproj", "{2D747744-57BD-4F6F-8F47-D9C1F3A858CF}"
EndProject
Project("{FAE04EC0-301F-11D3-BF4B-00C04F79EFBC}") = "ParaTransferi", "ParaTransferi\ParaTransferi.csproj", "{D3629836-62AE-4843-B644-494DA359A518}"
EndProject
Project("{FAE04EC0-301F-11D3-BF4B-00C04F79EFBC}") = "FileExplorer", "FileExplorer\FileExplorer.csproj", "{1E7B3349-AD36-413F-80C4-D25435713D93}"
EndProject
Project("{9A19103F-16F7-4668-BE54-9A1E7A4F7556}") = "AkilliEv", "AkilliEv\AkilliEv.csproj", "{09587DD1-2D70-4EB5-83FB-69855B8B448A}"
EndProject
Project("{FAE04EC0-301F-11D3-BF4B-00C04F79EFBC}") = "EgitimDemoCore", "EgitimDemoCore\EgitimDemoCore.csproj", "{12496638-9787-4F90-B47B-2228D0FF1930}"
EndProject
Global
	GlobalSection(SolutionConfigurationPlatforms) = preSolution
		Debug|Any CPU = Debug|Any CPU
		Release|Any CPU = Release|Any CPU
	EndGlobalSection
	GlobalSection(ProjectConfigurationPlatforms) = postSolution
		{2D747744-57BD-4F6F-8F47-D9C1F3A858CF}.Debug|Any CPU.ActiveCfg = Debug|Any CPU
		{2D747744-57BD-4F6F-8F47-D9C1F3A858CF}.Debug|Any CPU.Build.0 = Debug|Any CPU
		{2D747744-57BD-4F6F-8F47-D9C1F3A858CF}.Release|Any CPU.ActiveCfg = Release|Any CPU
		{2D747744-57BD-4F6F-8F47-D9C1F3A858CF}.Release|Any CPU.Build.0 = Release|Any CPU
		{D3629836-62AE-4843-B644-494DA359A518}.Debug|Any CPU.ActiveCfg = Debug|Any CPU
		{D3629836-62AE-4843-B644-494DA359A518}.Debug|Any CPU.Build.0 = Debug|Any CPU
		{D3629836-62AE-4843-B644-494DA359A518}.Release|Any CPU.ActiveCfg = Release|Any CPU
		{D3629836-62AE-4843-B644-494DA359A518}.Release|Any CPU.Build.0 = Release|Any CPU
		{1E7B3349-AD36-413F-80C4-D25435713D93}.Debug|Any CPU.ActiveCfg = Debug|Any CPU
		{1E7B3349-AD36-413F-80C4-D25435713D93}.Debug|Any CPU.Build.0 = Debug|Any CPU
		{1E7B3349-AD36-413F-80C4-D25435713D93}.Release|Any CPU.ActiveCfg = Release|Any CPU
		{1E7B3349-AD36-413F-80C4-D25435713D93}.Release|Any CPU.Build.0 = Release|Any CPU
		{09587DD1-2D70-4EB5-83FB-69855B8B448A}.Debug|Any CPU.ActiveCfg = Debug|Any CPU
		{09587DD1-2D70-4EB5-83FB-69855B8B448A}.Debug|Any CPU.Build.0 = Debug|Any CPU
		{09587DD1-2D70-4EB5-83FB-69855B8B448A}.Release|Any CPU.ActiveCfg = Release|Any CPU
		{09587DD1-2D70-4EB5-83FB-69855B8B448A}.Release|Any CPU.Build.0 = Release|Any CPU
		{12496638-9787-4F90-B47B-2228D0FF1930}.Debug|Any CPU.ActiveCfg = Debug|Any CPU
		{12496638-9787-4F90-B47B-2228D0FF1930}.Debug|Any CPU.Build.0 = Debug|Any CPU
		{12496638-9787-4F90-B47B-2228D0FF1930}.Release|Any CPU.ActiveCfg = Release|Any CPU
		{12496638-9787-4F90-B47B-2228D0FF1930}.Release|Any CPU.Build.0 = Release|Any CPU
	EndGlobalSection
	GlobalSection(SolutionProperties) = preSolution
		HideSolutionNode = FALSE
	EndGlobalSection
	GlobalSection(ExtensibilityGlobals) = postSolution
		SolutionGuid = {B843ED14-FC42-411A-A8A8-A4A6D62872E1}
	EndGlobalSection
EndGlobal
